
Microsoft Visual Studio Solution File, Format Version 12.00
# Visual Studio 15
VisualStudioVersion = 15.0.28307.329
MinimumVisualStudioVersion = 10.0.40219.1
Project("{FAE04EC0-301F-11D3-BF4B-00C04F79EFBC}") = "FinAiConsole", "FinAiConsole\FinAiConsole.csproj", "{26AD3A9D-0F8F-425C-928D-AF9AF7A52181}"
EndProject
Global
	GlobalSection(SolutionConfigurationPlatforms) = preSolution
		Debug|Any CPU = Debug|Any CPU
		Release|Any CPU = Release|Any CPU
	EndGlobalSection
	GlobalSection(ProjectConfigurationPlatforms) = postSolution
		{26AD3A9D-0F8F-425C-928D-AF9AF7A52181}.Debug|Any CPU.ActiveCfg = Debug|Any CPU
		{26AD3A9D-0F8F-425C-928D-AF9AF7A52181}.Debug|Any CPU.Build.0 = Debug|Any CPU
		{26AD3A9D-0F8F-425C-928D-AF9AF7A52181}.Release|Any CPU.ActiveCfg = Release|Any CPU
		{26AD3A9D-0F8F-425C-928D-AF9AF7A52181}.Release|Any CPU.Build.0 = Release|Any CPU
	EndGlobalSection
	GlobalSection(SolutionProperties) = preSolution
		HideSolutionNode = FALSE
	EndGlobalSection
	GlobalSection(ExtensibilityGlobals) = postSolution
		SolutionGuid = {87391F3A-CE74-4136-ADFD-198EAD1DBEA4}
	EndGlobalSection
EndGlobal
